
Microsoft Visual Studio Solution File, Format Version 12.00
# Visual Studio Version 17
VisualStudioVersion = 17.11.35017.193
MinimumVisualStudioVersion = 10.0.40219.1
Project("{FAE04EC0-301F-11D3-BF4B-00C04F79EFBC}") = "EmployeeManager", "EmployeeManager\EmployeeManager.csproj", "{F2BEE027-0B29-4D73-9C10-315E347F8A6F}"
EndProject
Global
	GlobalSection(SolutionConfigurationPlatforms) = preSolution
		Debug|Any CPU = Debug|Any CPU
		Release|Any CPU = Release|Any CPU
	EndGlobalSection
	GlobalSection(ProjectConfigurationPlatforms) = postSolution
		{F2BEE027-0B29-4D73-9C10-315E347F8A6F}.Debug|Any CPU.ActiveCfg = Debug|Any CPU
		{F2BEE027-0B29-4D73-9C10-315E347F8A6F}.Debug|Any CPU.Build.0 = Debug|Any CPU
		{F2BEE027-0B29-4D73-9C10-315E347F8A6F}.Release|Any CPU.ActiveCfg = Release|Any CPU
		{F2BEE027-0B29-4D73-9C10-315E347F8A6F}.Release|Any CPU.Build.0 = Release|Any CPU
	EndGlobalSection
	GlobalSection(SolutionProperties) = preSolution
		HideSolutionNode = FALSE
	EndGlobalSection
	GlobalSection(ExtensibilityGlobals) = postSolution
		SolutionGuid = {3DFFD4D2-D63E-4605-A80E-449447601047}
	EndGlobalSection
EndGlobal
